
Microsoft Visual Studio Solution File, Format Version 12.00
# Visual Studio Version 17
VisualStudioVersion = 17.3.32929.385
MinimumVisualStudioVersion = 10.0.40219.1
Project("{FAE04EC0-301F-11D3-BF4B-00C04F79EFBC}") = "Learning-experience", "Learning-experience\Learning-experience.csproj", "{A7FB2D34-C28A-41B6-88E0-FF25A8F830A6}"
EndProject
Global
	GlobalSection(SolutionConfigurationPlatforms) = preSolution
		Debug|Any CPU = Debug|Any CPU
		Release|Any CPU = Release|Any CPU
	EndGlobalSection
	GlobalSection(ProjectConfigurationPlatforms) = postSolution
		{A7FB2D34-C28A-41B6-88E0-FF25A8F830A6}.Debug|Any CPU.ActiveCfg = Debug|Any CPU
		{A7FB2D34-C28A-41B6-88E0-FF25A8F830A6}.Debug|Any CPU.Build.0 = Debug|Any CPU
		{A7FB2D34-C28A-41B6-88E0-FF25A8F830A6}.Release|Any CPU.ActiveCfg = Release|Any CPU
		{A7FB2D34-C28A-41B6-88E0-FF25A8F830A6}.Release|Any CPU.Build.0 = Release|Any CPU
	EndGlobalSection
	GlobalSection(SolutionProperties) = preSolution
		HideSolutionNode = FALSE
	EndGlobalSection
	GlobalSection(ExtensibilityGlobals) = postSolution
		SolutionGuid = {E9543953-D867-4519-A6A4-26EFB653355A}
	EndGlobalSection
EndGlobal
